
Microsoft Visual Studio Solution File, Format Version 12.00
# Visual Studio 15
VisualStudioVersion = 15.0.28307.329
MinimumVisualStudioVersion = 10.0.40219.1
Project("{9A19103F-16F7-4668-BE54-9A1E7A4F7556}") = "PI.Progen.Presenca.Core", "src\PI.Progen.Presenca.Core\PI.Progen.Presenca.Core.csproj", "{96F075C3-1088-4723-A1E3-E22132A840C2}"
EndProject
Project("{FAE04EC0-301F-11D3-BF4B-00C04F79EFBC}") = "PI.Progen.Presenca.Core.Infra", "src\PI.Progen.Presenca.Core.Infra\PI.Progen.Presenca.Core.Infra.csproj", "{3ACEBBC2-519A-4015-8A93-C3E0F71EE373}"
EndProject
Project("{2150E333-8FDC-42A3-9474-1A3956D46DE8}") = "Tests", "Tests", "{F1EE1604-2F6A-46EA-B9F7-03489107B5BC}"
EndProject
Project("{FAE04EC0-301F-11D3-BF4B-00C04F79EFBC}") = "ConsoleApp.Tests", "tests\ConsoleApp.Tests\ConsoleApp.Tests.csproj", "{EA7D21D0-D43B-4D42-8F92-6AADBEDD01AC}"
EndProject
Global
	GlobalSection(SolutionConfigurationPlatforms) = preSolution
		Debug|Any CPU = Debug|Any CPU
		Release|Any CPU = Release|Any CPU
	EndGlobalSection
	GlobalSection(ProjectConfigurationPlatforms) = postSolution
		{96F075C3-1088-4723-A1E3-E22132A840C2}.Debug|Any CPU.ActiveCfg = Debug|Any CPU
		{96F075C3-1088-4723-A1E3-E22132A840C2}.Debug|Any CPU.Build.0 = Debug|Any CPU
		{96F075C3-1088-4723-A1E3-E22132A840C2}.Release|Any CPU.ActiveCfg = Release|Any CPU
		{96F075C3-1088-4723-A1E3-E22132A840C2}.Release|Any CPU.Build.0 = Release|Any CPU
		{3ACEBBC2-519A-4015-8A93-C3E0F71EE373}.Debug|Any CPU.ActiveCfg = Debug|Any CPU
		{3ACEBBC2-519A-4015-8A93-C3E0F71EE373}.Debug|Any CPU.Build.0 = Debug|Any CPU
		{3ACEBBC2-519A-4015-8A93-C3E0F71EE373}.Release|Any CPU.ActiveCfg = Release|Any CPU
		{3ACEBBC2-519A-4015-8A93-C3E0F71EE373}.Release|Any CPU.Build.0 = Release|Any CPU
		{EA7D21D0-D43B-4D42-8F92-6AADBEDD01AC}.Debug|Any CPU.ActiveCfg = Debug|Any CPU
		{EA7D21D0-D43B-4D42-8F92-6AADBEDD01AC}.Debug|Any CPU.Build.0 = Debug|Any CPU
		{EA7D21D0-D43B-4D42-8F92-6AADBEDD01AC}.Release|Any CPU.ActiveCfg = Release|Any CPU
		{EA7D21D0-D43B-4D42-8F92-6AADBEDD01AC}.Release|Any CPU.Build.0 = Release|Any CPU
	EndGlobalSection
	GlobalSection(SolutionProperties) = preSolution
		HideSolutionNode = FALSE
	EndGlobalSection
	GlobalSection(NestedProjects) = preSolution
		{EA7D21D0-D43B-4D42-8F92-6AADBEDD01AC} = {F1EE1604-2F6A-46EA-B9F7-03489107B5BC}
	EndGlobalSection
	GlobalSection(ExtensibilityGlobals) = postSolution
		SolutionGuid = {41AFBEF8-B07D-407E-AEE4-FD30E00818DB}
	EndGlobalSection
EndGlobal
